
Microsoft Visual Studio Solution File, Format Version 12.00
# Visual Studio Version 16
VisualStudioVersion = 16.0.33927.289
MinimumVisualStudioVersion = 10.0.40219.1
Project("{FAE04EC0-301F-11D3-BF4B-00C04F79EFBC}") = "Turagent", "Turagent\Turagent.csproj", "{ED018023-9804-43A2-BC1D-F73431D6AA2D}"
EndProject
Global
	GlobalSection(SolutionConfigurationPlatforms) = preSolution
		Debug|Any CPU = Debug|Any CPU
		Release|Any CPU = Release|Any CPU
	EndGlobalSection
	GlobalSection(ProjectConfigurationPlatforms) = postSolution
		{ED018023-9804-43A2-BC1D-F73431D6AA2D}.Debug|Any CPU.ActiveCfg = Debug|Any CPU
		{ED018023-9804-43A2-BC1D-F73431D6AA2D}.Debug|Any CPU.Build.0 = Debug|Any CPU
		{ED018023-9804-43A2-BC1D-F73431D6AA2D}.Release|Any CPU.ActiveCfg = Release|Any CPU
		{ED018023-9804-43A2-BC1D-F73431D6AA2D}.Release|Any CPU.Build.0 = Release|Any CPU
	EndGlobalSection
	GlobalSection(SolutionProperties) = preSolution
		HideSolutionNode = FALSE
	EndGlobalSection
	GlobalSection(ExtensibilityGlobals) = postSolution
		SolutionGuid = {C6ACC498-9E67-4C2B-8F17-FBD003B61B50}
	EndGlobalSection
EndGlobal
